<?xml version="1.0" encoding="UTF-8" standalone="yes" ?>
<CodeBlocks_project_file>
	<FileVersion major="1" minor="6" />
	<Project>
		<Option title="splfinal" />
		<Option pch_mode="2" />
		<Option compiler="gcc" />
		<Build>
			<Target title="Debug">
				<Option output="bin/Debug/splfinal" prefix_auto="1" extension_auto="1" />
				<Option object_output="obj/Debug/" />
				<Option type="1" />
				<Option compiler="gcc" />
				<Compiler>
					<Add option="-g" />
				</Compiler>
			</Target>
			<Target title="Release">
				<Option output="bin/Release/splfinal" prefix_auto="1" extension_auto="1" />
				<Option object_output="obj/Release/" />
				<Option type="1" />
				<Option compiler="gcc" />
				<Compiler>
					<Add option="-O2" />
				</Compiler>
				<Linker>
					<Add option="-s" />
				</Linker>
			</Target>
		</Build>
		<Compiler>
			<Add option="-Wall" />
			<Add option="-fexceptions" />
		</Compiler>
		<Unit filename="bellmanford.cpp" />
		<Unit filename="bfs.cpp" />
		<Unit filename="bfsdfs.txt" />
		<Unit filename="dfs.cpp" />
		<Unit filename="dijkstras.cpp" />
		<Unit filename="directedgraph.cpp" />
		<Unit filename="fixedgraph.cpp" />
		<Unit filename="floyd.cpp" />
		<Unit filename="gmenu.cpp" />
		<Unit filename="graph.txt">
			<Option target="Debug" />
		</Unit>
		<Unit filename="head.h" />
		<Unit filename="kruskalalgo.cpp" />
		<Unit filename="main.cpp" />
		<Unit filename="primsalgo.cpp" />
		<Unit filename="randomgraphconstructor.cpp" />
		<Unit filename="topologicalsort.cpp" />
		<Unit filename="usergraphconstructor.cpp" />
		<Unit filename="weightedrandomgraphconstruct.cpp" />
		<Unit filename="weightgraphconstruct.cpp" />
		<Extensions>
			<lib_finder disable_auto="1" />
		</Extensions>
	</Project>
</CodeBlocks_project_file>
